
Microsoft Visual Studio Solution File, Format Version 12.00
# Visual Studio 15
VisualStudioVersion = 15.0.27703.2000
MinimumVisualStudioVersion = 10.0.40219.1
Project("{FAE04EC0-301F-11D3-BF4B-00C04F79EFBC}") = "YeelightRGB", "YeelightRGB\YeelightRGB.csproj", "{39C5EE0C-C636-4092-A20E-711F91847A35}"
EndProject
Global
	GlobalSection(SolutionConfigurationPlatforms) = preSolution
		Debug|ARM = Debug|ARM
		Debug|x64 = Debug|x64
		Debug|x86 = Debug|x86
		Release|ARM = Release|ARM
		Release|x64 = Release|x64
		Release|x86 = Release|x86
	EndGlobalSection
	GlobalSection(ProjectConfigurationPlatforms) = postSolution
		{39C5EE0C-C636-4092-A20E-711F91847A35}.Debug|ARM.ActiveCfg = Debug|ARM
		{39C5EE0C-C636-4092-A20E-711F91847A35}.Debug|ARM.Build.0 = Debug|ARM
		{39C5EE0C-C636-4092-A20E-711F91847A35}.Debug|ARM.Deploy.0 = Debug|ARM
		{39C5EE0C-C636-4092-A20E-711F91847A35}.Debug|x64.ActiveCfg = Debug|x64
		{39C5EE0C-C636-4092-A20E-711F91847A35}.Debug|x64.Build.0 = Debug|x64
		{39C5EE0C-C636-4092-A20E-711F91847A35}.Debug|x64.Deploy.0 = Debug|x64
		{39C5EE0C-C636-4092-A20E-711F91847A35}.Debug|x86.ActiveCfg = Debug|x86
		{39C5EE0C-C636-4092-A20E-711F91847A35}.Debug|x86.Build.0 = Debug|x86
		{39C5EE0C-C636-4092-A20E-711F91847A35}.Debug|x86.Deploy.0 = Debug|x86
		{39C5EE0C-C636-4092-A20E-711F91847A35}.Release|ARM.ActiveCfg = Release|ARM
		{39C5EE0C-C636-4092-A20E-711F91847A35}.Release|ARM.Build.0 = Release|ARM
		{39C5EE0C-C636-4092-A20E-711F91847A35}.Release|ARM.Deploy.0 = Release|ARM
		{39C5EE0C-C636-4092-A20E-711F91847A35}.Release|x64.ActiveCfg = Release|x64
		{39C5EE0C-C636-4092-A20E-711F91847A35}.Release|x64.Build.0 = Release|x64
		{39C5EE0C-C636-4092-A20E-711F91847A35}.Release|x64.Deploy.0 = Release|x64
		{39C5EE0C-C636-4092-A20E-711F91847A35}.Release|x86.ActiveCfg = Release|x86
		{39C5EE0C-C636-4092-A20E-711F91847A35}.Release|x86.Build.0 = Release|x86
		{39C5EE0C-C636-4092-A20E-711F91847A35}.Release|x86.Deploy.0 = Release|x86
	EndGlobalSection
	GlobalSection(SolutionProperties) = preSolution
		HideSolutionNode = FALSE
	EndGlobalSection
	GlobalSection(ExtensibilityGlobals) = postSolution
		SolutionGuid = {D873916A-0922-468C-BB0A-61A04C6AC786}
	EndGlobalSection
EndGlobal
